{
  "nodes": {
    "flake-utils": {
      "inputs": {
        "systems": "systems"
      },
      "locked": {
        "lastModified": 1731533236,
        "narHash": "sha256-l0KFg5HjrsfsO/JpG+r7fRrqm12kzFHyUHqHCVpMMbI=",
        "owner": "numtide",
        "repo": "flake-utils",
        "rev": "11707dc2f618dd54ca8739b309ec4fc024de578b",
        "type": "github"
      },
      "original": {
        "id": "flake-utils",
        "type": "indirect"
      }
    },
    "flake-utils_2": {
      "locked": {
        "lastModified": 1659877975,
        "narHash": "sha256-zllb8aq3YO3h8B/U0/J1WBgAL8EX5yWf5pMj3G0NAmc=",
        "owner": "numtide",
        "repo": "flake-utils",
        "rev": "c0e246b9b83f637f4681389ecabcb2681b4f3af0",
        "type": "github"
      },
      "original": {
        "owner": "numtide",
        "repo": "flake-utils",
        "type": "github"
      }
    },
    "home-manager": {
      "inputs": {
        "nixpkgs": [
          "nixpkgs"
        ]
      },
      "locked": {
        "lastModified": 1750304462,
        "narHash": "sha256-Mj5t4yX05/rXnRqJkpoLZTWqgStB88Mr/fegTRqyiWc=",
        "owner": "nix-community",
        "repo": "home-manager",
        "rev": "863842639722dd12ae9e37ca83bcb61a63b36f6c",
        "type": "github"
      },
      "original": {
        "owner": "nix-community",
        "ref": "master",
        "repo": "home-manager",
        "type": "github"
      }
    },
    "nixgl": {
      "inputs": {
        "flake-utils": "flake-utils_2",
        "nixpkgs": [
          "nixpkgs"
        ]
      },
      "locked": {
        "lastModified": 1737970673,
        "narHash": "sha256-WDBc35XdHCdmgVYbPOtd2IeUtUHCYwNyEpIr5vLZMng=",
        "owner": "johanneshorner",
        "repo": "nixGL",
        "rev": "137f5222848faee575db10f1998a775bf0de7107",
        "type": "github"
      },
      "original": {
        "owner": "johanneshorner",
        "repo": "nixGL",
        "type": "github"
      }
    },
    "nixpkgs": {
      "locked": {
        "lastModified": 1750134718,
        "narHash": "sha256-v263g4GbxXv87hMXMCpjkIxd/viIF7p3JpJrwgKdNiI=",
        "owner": "nixos",
        "repo": "nixpkgs",
        "rev": "9e83b64f727c88a7711a2c463a7b16eedb69a84c",
        "type": "github"
      },
      "original": {
        "owner": "nixos",
        "ref": "nixos-unstable",
        "repo": "nixpkgs",
        "type": "github"
      }
    },
    "nixpkgs-stable": {
      "locked": {
        "lastModified": 1750151854,
        "narHash": "sha256-3za+1J9FifMetO7E/kwgyW+dp+8pPBNlWKfcBovnn6M=",
        "owner": "nixos",
        "repo": "nixpkgs",
        "rev": "ad5c70bcc5cc5178205161b7a7d61a6e80f6d244",
        "type": "github"
      },
      "original": {
        "owner": "nixos",
        "ref": "nixos-24.11",
        "repo": "nixpkgs",
        "type": "github"
      }
    },
    "root": {
      "inputs": {
        "flake-utils": "flake-utils",
        "home-manager": "home-manager",
        "nixgl": "nixgl",
        "nixpkgs": "nixpkgs",
        "nixpkgs-stable": "nixpkgs-stable",
        "system-manager": "system-manager"
      }
    },
    "system-manager": {
      "inputs": {
        "nixpkgs": [
          "nixpkgs"
        ]
      },
      "locked": {
        "lastModified": 1748252092,
        "narHash": "sha256-6nL55wvV7SthEXaXDiQo8xxkxQLAVcNBU21YJ7GJLm8=",
        "owner": "numtide",
        "repo": "system-manager",
        "rev": "c6850451ef769fd03d0ad5474f928b916aa23775",
        "type": "github"
      },
      "original": {
        "owner": "numtide",
        "repo": "system-manager",
        "type": "github"
      }
    },
    "systems": {
      "locked": {
        "lastModified": 1681028828,
        "narHash": "sha256-Vy1rq5AaRuLzOxct8nz4T6wlgyUR7zLU309k9mBC768=",
        "owner": "nix-systems",
        "repo": "default",
        "rev": "da67096a3b9bf56a91d16901293e51ba5b49a27e",
        "type": "github"
      },
      "original": {
        "owner": "nix-systems",
        "repo": "default",
        "type": "github"
      }
    }
  },
  "root": "root",
  "version": 7
}
